
Microsoft Visual Studio Solution File, Format Version 12.00
# Visual Studio Version 17
VisualStudioVersion = 17.13.35825.156 d17.13
MinimumVisualStudioVersion = 10.0.40219.1
Project("{FAE04EC0-301F-11D3-BF4B-00C04F79EFBC}") = "JogodaForca", "JogodaForca\JogodaForca.csproj", "{5EAD437E-D7CE-4A5C-A578-760A97C5F75E}"
EndProject
Global
	GlobalSection(SolutionConfigurationPlatforms) = preSolution
		Debug|Any CPU = Debug|Any CPU
		Release|Any CPU = Release|Any CPU
	EndGlobalSection
	GlobalSection(ProjectConfigurationPlatforms) = postSolution
		{5EAD437E-D7CE-4A5C-A578-760A97C5F75E}.Debug|Any CPU.ActiveCfg = Debug|Any CPU
		{5EAD437E-D7CE-4A5C-A578-760A97C5F75E}.Debug|Any CPU.Build.0 = Debug|Any CPU
		{5EAD437E-D7CE-4A5C-A578-760A97C5F75E}.Release|Any CPU.ActiveCfg = Release|Any CPU
		{5EAD437E-D7CE-4A5C-A578-760A97C5F75E}.Release|Any CPU.Build.0 = Release|Any CPU
	EndGlobalSection
	GlobalSection(SolutionProperties) = preSolution
		HideSolutionNode = FALSE
	EndGlobalSection
	GlobalSection(ExtensibilityGlobals) = postSolution
		SolutionGuid = {462644B5-6177-4F9D-BF30-8571E7B4FE15}
	EndGlobalSection
EndGlobal
